
Microsoft Visual Studio Solution File, Format Version 12.00
# Visual Studio Version 17
VisualStudioVersion = 17.0.31903.59
MinimumVisualStudioVersion = 10.0.40219.1
Project("{2150E333-8FDC-42A3-9474-1A3956D46DE8}") = "src", "src", "{F1D326A6-B733-4C3D-8DC5-BD26C5ADE440}"
EndProject
Project("{FAE04EC0-301F-11D3-BF4B-00C04F79EFBC}") = "Neo4j_001_GettingStarted", "src\Neo4j_001_GettingStarted\Neo4j_001_GettingStarted.csproj", "{7D8FA693-33E6-45A5-B727-78E30F7BA723}"
EndProject
Global
	GlobalSection(SolutionConfigurationPlatforms) = preSolution
		Debug|Any CPU = Debug|Any CPU
		Release|Any CPU = Release|Any CPU
	EndGlobalSection
	GlobalSection(SolutionProperties) = preSolution
		HideSolutionNode = FALSE
	EndGlobalSection
	GlobalSection(ProjectConfigurationPlatforms) = postSolution
		{7D8FA693-33E6-45A5-B727-78E30F7BA723}.Debug|Any CPU.ActiveCfg = Debug|Any CPU
		{7D8FA693-33E6-45A5-B727-78E30F7BA723}.Debug|Any CPU.Build.0 = Debug|Any CPU
		{7D8FA693-33E6-45A5-B727-78E30F7BA723}.Release|Any CPU.ActiveCfg = Release|Any CPU
		{7D8FA693-33E6-45A5-B727-78E30F7BA723}.Release|Any CPU.Build.0 = Release|Any CPU
	EndGlobalSection
	GlobalSection(NestedProjects) = preSolution
		{7D8FA693-33E6-45A5-B727-78E30F7BA723} = {F1D326A6-B733-4C3D-8DC5-BD26C5ADE440}
	EndGlobalSection
EndGlobal
